
Microsoft Visual Studio Solution File, Format Version 12.00
# Visual Studio Version 17
VisualStudioVersion = 17.13.35825.156
MinimumVisualStudioVersion = 10.0.40219.1
Project("{FAE04EC0-301F-11D3-BF4B-00C04F79EFBC}") = "NP 01. TCP Socket Listener", "NP 01. TCP Socket Listener\NP 01. TCP Socket Listener.csproj", "{DC19A10B-31F4-4442-95A7-910C27820320}"
EndProject
Project("{FAE04EC0-301F-11D3-BF4B-00C04F79EFBC}") = "NP 01. TCP Socket Client", "NP 01. TCP Socket Client\NP 01. TCP Socket Client.csproj", "{5580ED7F-F83F-4BCA-A006-D8051E39A05A}"
EndProject
Project("{2150E333-8FDC-42A3-9474-1A3956D46DE8}") = "NP 02", "NP 02", "{02EA681E-C7D8-13C7-8484-4AC65E1B71E8}"
EndProject
Project("{FAE04EC0-301F-11D3-BF4B-00C04F79EFBC}") = "NP 02. UDP Socket Listener", "NP 02. UDP Socket Listener\NP 02. UDP Socket Listener.csproj", "{7E0AFB4B-8C21-4CD6-916B-18D46A7A8D40}"
EndProject
Project("{FAE04EC0-301F-11D3-BF4B-00C04F79EFBC}") = "NP 02. UDP Socket Client", "NP 02. UDP Socket Client\NP 02. UDP Socket Client.csproj", "{D939767C-859E-48B9-AF0E-57BA24C51C71}"
EndProject
Project("{2150E333-8FDC-42A3-9474-1A3956D46DE8}") = "NP 03", "NP 03", "{FB747651-FD7A-46A1-A38E-DDB549D45DFC}"
EndProject
Project("{8BC9CEB8-8B4A-11D0-8D11-00A0C91BC942}") = "NP 03. UDP Socket Listener C", "NP 03. UDP Socket Listener C\NP 03. UDP Socket Listener C.vcxproj", "{E8BDD1D6-F552-4B67-98E3-A33AF6F91194}"
EndProject
Project("{888888A0-9F3D-457C-B088-3A5042F75D52}") = "NP 03. UDP Socket Listener Python", "NP 03. UDP Socket Listener Python\NP 03. UDP Socket Listener Python.pyproj", "{172E8C73-BAA3-46EA-B6B7-8971CFCFC5C5}"
EndProject
Project("{FAE04EC0-301F-11D3-BF4B-00C04F79EFBC}") = "NP 03. TcpListener", "NP 03. TcpListener\NP 03. TcpListener.csproj", "{C2462E38-2F4F-43CC-906E-3C519170BB07}"
EndProject
Project("{FAE04EC0-301F-11D3-BF4B-00C04F79EFBC}") = "NP 03. TcpClient", "NP 03. TcpClient\NP 03. TcpClient.csproj", "{FBF23423-9828-4373-A520-C47082D7FAFB}"
EndProject
Project("{FAE04EC0-301F-11D3-BF4B-00C04F79EFBC}") = "NP 03. UdpClient Client", "NP 03. UdpClient Client\NP 03. UdpClient Client.csproj", "{C95D7F35-A154-44E2-8594-1C97FB44A990}"
EndProject
Project("{FAE04EC0-301F-11D3-BF4B-00C04F79EFBC}") = "NP 03. UdpClient Listener", "NP 03. UdpClient Listener\NP 03. UdpClient Listener.csproj", "{99CFBE0A-7FF2-4793-94F8-739FABBDF7EB}"
EndProject
Project("{FAE04EC0-301F-11D3-BF4B-00C04F79EFBC}") = "NP 03. TCP Task Manager (client side)", "NP 03. TCP Task Manager (client side)\NP 03. TCP Task Manager (client side).csproj", "{8B025E20-D0B8-44DB-A999-0A2ECDDBE3F7}"
EndProject
Project("{FAE04EC0-301F-11D3-BF4B-00C04F79EFBC}") = "NP 03. TCP Task Manager (server side)", "NP 03. TCP Task Manager (server side)\NP 03. TCP Task Manager (server side).csproj", "{796A1A60-2BC9-454D-9442-55B45B9BD187}"
EndProject
Project("{2150E333-8FDC-42A3-9474-1A3956D46DE8}") = "NP 05", "NP 05", "{5BC1F144-A5F0-4D1A-B980-B27334AB002F}"
EndProject
Project("{FAE04EC0-301F-11D3-BF4B-00C04F79EFBC}") = "NP 05. HttpClient", "NP 05. HttpClient\NP 05. HttpClient.csproj", "{76523251-604A-4E10-89C9-4550AB8D7FFF}"
EndProject
Project("{FAE04EC0-301F-11D3-BF4B-00C04F79EFBC}") = "NP 05. HttListener", "NP 05. HttListener\NP 05. HttListener.csproj", "{89F55B5F-61D1-44EF-BE48-9F97F177508E}"
EndProject
Project("{FAE04EC0-301F-11D3-BF4B-00C04F79EFBC}") = "NP 06. HttpListener With HTML", "NP 06. HttpListener With HTML\NP 06. HttpListener With HTML.csproj", "{55FB8265-0817-48DA-A5AD-F3817B2CBCDC}"
EndProject
Project("{FAE04EC0-301F-11D3-BF4B-00C04F79EFBC}") = "NP 06. HttpClient with API", "NP 06. HttpClient with API\NP 06. HttpClient with API.csproj", "{AD9B4DF2-3B1B-4D61-B249-CA0EFF75D1E5}"
EndProject
Project("{FAE04EC0-301F-11D3-BF4B-00C04F79EFBC}") = "NP 06. Multicast Client", "NP 06. Multicast Client\NP 06. Multicast Client.csproj", "{7CF0DFDF-0FEB-4F95-8700-EB163FFCE4B3}"
EndProject
Project("{2150E333-8FDC-42A3-9474-1A3956D46DE8}") = "NP 06", "NP 06", "{D0D1D0F0-5170-4483-816E-C8D8E1F840B2}"
EndProject
Project("{FAE04EC0-301F-11D3-BF4B-00C04F79EFBC}") = "NP 06. Multicast Listener", "NP 06. Multicast Listener\NP 06. Multicast Listener.csproj", "{14D38175-D805-4243-8392-E5941FF8644D}"
EndProject
Project("{FAE04EC0-301F-11D3-BF4B-00C04F79EFBC}") = "NP 06. Broadcast Client", "NP 06. Broadcast Client\NP 06. Broadcast Client.csproj", "{3745A820-A023-4AD4-9015-3D78DBCF39ED}"
EndProject
Project("{FAE04EC0-301F-11D3-BF4B-00C04F79EFBC}") = "NP 06. Broadcast Listener", "NP 06. Broadcast Listener\NP 06. Broadcast Listener.csproj", "{8E26066F-B069-4A71-8A8A-730BB6A7D46D}"
EndProject
Project("{2150E333-8FDC-42A3-9474-1A3956D46DE8}") = "NP 07", "NP 07", "{91E6B64A-2D9B-4BB8-B1BA-B6B895023916}"
EndProject
Project("{FAE04EC0-301F-11D3-BF4B-00C04F79EFBC}") = "NP 07. FTP", "NP 07. FTP\NP 07. FTP.csproj", "{723C1F27-F416-4DBE-A149-002D80107FA7}"
EndProject
Project("{FAE04EC0-301F-11D3-BF4B-00C04F79EFBC}") = "NP 07. Mail Protocols", "NP 07. Mail Protocols\NP 07. Mail Protocols.csproj", "{DA86F0D1-8764-405F-9CB3-DF74231C891A}"
EndProject
Global
	GlobalSection(SolutionConfigurationPlatforms) = preSolution
		Debug|Any CPU = Debug|Any CPU
		Debug|x64 = Debug|x64
		Debug|x86 = Debug|x86
		Release|Any CPU = Release|Any CPU
		Release|x64 = Release|x64
		Release|x86 = Release|x86
	EndGlobalSection
	GlobalSection(ProjectConfigurationPlatforms) = postSolution
		{DC19A10B-31F4-4442-95A7-910C27820320}.Debug|Any CPU.ActiveCfg = Debug|Any CPU
		{DC19A10B-31F4-4442-95A7-910C27820320}.Debug|Any CPU.Build.0 = Debug|Any CPU
		{DC19A10B-31F4-4442-95A7-910C27820320}.Debug|x64.ActiveCfg = Debug|Any CPU
		{DC19A10B-31F4-4442-95A7-910C27820320}.Debug|x64.Build.0 = Debug|Any CPU
		{DC19A10B-31F4-4442-95A7-910C27820320}.Debug|x86.ActiveCfg = Debug|Any CPU
		{DC19A10B-31F4-4442-95A7-910C27820320}.Debug|x86.Build.0 = Debug|Any CPU
		{DC19A10B-31F4-4442-95A7-910C27820320}.Release|Any CPU.ActiveCfg = Release|Any CPU
		{DC19A10B-31F4-4442-95A7-910C27820320}.Release|Any CPU.Build.0 = Release|Any CPU
		{DC19A10B-31F4-4442-95A7-910C27820320}.Release|x64.ActiveCfg = Release|Any CPU
		{DC19A10B-31F4-4442-95A7-910C27820320}.Release|x64.Build.0 = Release|Any CPU
		{DC19A10B-31F4-4442-95A7-910C27820320}.Release|x86.ActiveCfg = Release|Any CPU
		{DC19A10B-31F4-4442-95A7-910C27820320}.Release|x86.Build.0 = Release|Any CPU
		{5580ED7F-F83F-4BCA-A006-D8051E39A05A}.Debug|Any CPU.ActiveCfg = Debug|Any CPU
		{5580ED7F-F83F-4BCA-A006-D8051E39A05A}.Debug|Any CPU.Build.0 = Debug|Any CPU
		{5580ED7F-F83F-4BCA-A006-D8051E39A05A}.Debug|x64.ActiveCfg = Debug|Any CPU
		{5580ED7F-F83F-4BCA-A006-D8051E39A05A}.Debug|x64.Build.0 = Debug|Any CPU
		{5580ED7F-F83F-4BCA-A006-D8051E39A05A}.Debug|x86.ActiveCfg = Debug|Any CPU
		{5580ED7F-F83F-4BCA-A006-D8051E39A05A}.Debug|x86.Build.0 = Debug|Any CPU
		{5580ED7F-F83F-4BCA-A006-D8051E39A05A}.Release|Any CPU.ActiveCfg = Release|Any CPU
		{5580ED7F-F83F-4BCA-A006-D8051E39A05A}.Release|Any CPU.Build.0 = Release|Any CPU
		{5580ED7F-F83F-4BCA-A006-D8051E39A05A}.Release|x64.ActiveCfg = Release|Any CPU
		{5580ED7F-F83F-4BCA-A006-D8051E39A05A}.Release|x64.Build.0 = Release|Any CPU
		{5580ED7F-F83F-4BCA-A006-D8051E39A05A}.Release|x86.ActiveCfg = Release|Any CPU
		{5580ED7F-F83F-4BCA-A006-D8051E39A05A}.Release|x86.Build.0 = Release|Any CPU
		{7E0AFB4B-8C21-4CD6-916B-18D46A7A8D40}.Debug|Any CPU.ActiveCfg = Debug|Any CPU
		{7E0AFB4B-8C21-4CD6-916B-18D46A7A8D40}.Debug|Any CPU.Build.0 = Debug|Any CPU
		{7E0AFB4B-8C21-4CD6-916B-18D46A7A8D40}.Debug|x64.ActiveCfg = Debug|Any CPU
		{7E0AFB4B-8C21-4CD6-916B-18D46A7A8D40}.Debug|x64.Build.0 = Debug|Any CPU
		{7E0AFB4B-8C21-4CD6-916B-18D46A7A8D40}.Debug|x86.ActiveCfg = Debug|Any CPU
		{7E0AFB4B-8C21-4CD6-916B-18D46A7A8D40}.Debug|x86.Build.0 = Debug|Any CPU
		{7E0AFB4B-8C21-4CD6-916B-18D46A7A8D40}.Release|Any CPU.ActiveCfg = Release|Any CPU
		{7E0AFB4B-8C21-4CD6-916B-18D46A7A8D40}.Release|Any CPU.Build.0 = Release|Any CPU
		{7E0AFB4B-8C21-4CD6-916B-18D46A7A8D40}.Release|x64.ActiveCfg = Release|Any CPU
		{7E0AFB4B-8C21-4CD6-916B-18D46A7A8D40}.Release|x64.Build.0 = Release|Any CPU
		{7E0AFB4B-8C21-4CD6-916B-18D46A7A8D40}.Release|x86.ActiveCfg = Release|Any CPU
		{7E0AFB4B-8C21-4CD6-916B-18D46A7A8D40}.Release|x86.Build.0 = Release|Any CPU
		{D939767C-859E-48B9-AF0E-57BA24C51C71}.Debug|Any CPU.ActiveCfg = Debug|Any CPU
		{D939767C-859E-48B9-AF0E-57BA24C51C71}.Debug|Any CPU.Build.0 = Debug|Any CPU
		{D939767C-859E-48B9-AF0E-57BA24C51C71}.Debug|x64.ActiveCfg = Debug|Any CPU
		{D939767C-859E-48B9-AF0E-57BA24C51C71}.Debug|x64.Build.0 = Debug|Any CPU
		{D939767C-859E-48B9-AF0E-57BA24C51C71}.Debug|x86.ActiveCfg = Debug|Any CPU
		{D939767C-859E-48B9-AF0E-57BA24C51C71}.Debug|x86.Build.0 = Debug|Any CPU
		{D939767C-859E-48B9-AF0E-57BA24C51C71}.Release|Any CPU.ActiveCfg = Release|Any CPU
		{D939767C-859E-48B9-AF0E-57BA24C51C71}.Release|Any CPU.Build.0 = Release|Any CPU
		{D939767C-859E-48B9-AF0E-57BA24C51C71}.Release|x64.ActiveCfg = Release|Any CPU
		{D939767C-859E-48B9-AF0E-57BA24C51C71}.Release|x64.Build.0 = Release|Any CPU
		{D939767C-859E-48B9-AF0E-57BA24C51C71}.Release|x86.ActiveCfg = Release|Any CPU
		{D939767C-859E-48B9-AF0E-57BA24C51C71}.Release|x86.Build.0 = Release|Any CPU
		{E8BDD1D6-F552-4B67-98E3-A33AF6F91194}.Debug|Any CPU.ActiveCfg = Debug|x64
		{E8BDD1D6-F552-4B67-98E3-A33AF6F91194}.Debug|Any CPU.Build.0 = Debug|x64
		{E8BDD1D6-F552-4B67-98E3-A33AF6F91194}.Debug|x64.ActiveCfg = Debug|x64
		{E8BDD1D6-F552-4B67-98E3-A33AF6F91194}.Debug|x64.Build.0 = Debug|x64
		{E8BDD1D6-F552-4B67-98E3-A33AF6F91194}.Debug|x86.ActiveCfg = Debug|Win32
		{E8BDD1D6-F552-4B67-98E3-A33AF6F91194}.Debug|x86.Build.0 = Debug|Win32
		{E8BDD1D6-F552-4B67-98E3-A33AF6F91194}.Release|Any CPU.ActiveCfg = Release|x64
		{E8BDD1D6-F552-4B67-98E3-A33AF6F91194}.Release|Any CPU.Build.0 = Release|x64
		{E8BDD1D6-F552-4B67-98E3-A33AF6F91194}.Release|x64.ActiveCfg = Release|x64
		{E8BDD1D6-F552-4B67-98E3-A33AF6F91194}.Release|x64.Build.0 = Release|x64
		{E8BDD1D6-F552-4B67-98E3-A33AF6F91194}.Release|x86.ActiveCfg = Release|Win32
		{E8BDD1D6-F552-4B67-98E3-A33AF6F91194}.Release|x86.Build.0 = Release|Win32
		{172E8C73-BAA3-46EA-B6B7-8971CFCFC5C5}.Debug|Any CPU.ActiveCfg = Debug|Any CPU
		{172E8C73-BAA3-46EA-B6B7-8971CFCFC5C5}.Debug|x64.ActiveCfg = Debug|Any CPU
		{172E8C73-BAA3-46EA-B6B7-8971CFCFC5C5}.Debug|x86.ActiveCfg = Debug|Any CPU
		{172E8C73-BAA3-46EA-B6B7-8971CFCFC5C5}.Release|Any CPU.ActiveCfg = Release|Any CPU
		{172E8C73-BAA3-46EA-B6B7-8971CFCFC5C5}.Release|x64.ActiveCfg = Release|Any CPU
		{172E8C73-BAA3-46EA-B6B7-8971CFCFC5C5}.Release|x86.ActiveCfg = Release|Any CPU
		{C2462E38-2F4F-43CC-906E-3C519170BB07}.Debug|Any CPU.ActiveCfg = Debug|Any CPU
		{C2462E38-2F4F-43CC-906E-3C519170BB07}.Debug|Any CPU.Build.0 = Debug|Any CPU
		{C2462E38-2F4F-43CC-906E-3C519170BB07}.Debug|x64.ActiveCfg = Debug|Any CPU
		{C2462E38-2F4F-43CC-906E-3C519170BB07}.Debug|x64.Build.0 = Debug|Any CPU
		{C2462E38-2F4F-43CC-906E-3C519170BB07}.Debug|x86.ActiveCfg = Debug|Any CPU
		{C2462E38-2F4F-43CC-906E-3C519170BB07}.Debug|x86.Build.0 = Debug|Any CPU
		{C2462E38-2F4F-43CC-906E-3C519170BB07}.Release|Any CPU.ActiveCfg = Release|Any CPU
		{C2462E38-2F4F-43CC-906E-3C519170BB07}.Release|Any CPU.Build.0 = Release|Any CPU
		{C2462E38-2F4F-43CC-906E-3C519170BB07}.Release|x64.ActiveCfg = Release|Any CPU
		{C2462E38-2F4F-43CC-906E-3C519170BB07}.Release|x64.Build.0 = Release|Any CPU
		{C2462E38-2F4F-43CC-906E-3C519170BB07}.Release|x86.ActiveCfg = Release|Any CPU
		{C2462E38-2F4F-43CC-906E-3C519170BB07}.Release|x86.Build.0 = Release|Any CPU
		{FBF23423-9828-4373-A520-C47082D7FAFB}.Debug|Any CPU.ActiveCfg = Debug|Any CPU
		{FBF23423-9828-4373-A520-C47082D7FAFB}.Debug|Any CPU.Build.0 = Debug|Any CPU
		{FBF23423-9828-4373-A520-C47082D7FAFB}.Debug|x64.ActiveCfg = Debug|Any CPU
		{FBF23423-9828-4373-A520-C47082D7FAFB}.Debug|x64.Build.0 = Debug|Any CPU
		{FBF23423-9828-4373-A520-C47082D7FAFB}.Debug|x86.ActiveCfg = Debug|Any CPU
		{FBF23423-9828-4373-A520-C47082D7FAFB}.Debug|x86.Build.0 = Debug|Any CPU
		{FBF23423-9828-4373-A520-C47082D7FAFB}.Release|Any CPU.ActiveCfg = Release|Any CPU
		{FBF23423-9828-4373-A520-C47082D7FAFB}.Release|Any CPU.Build.0 = Release|Any CPU
		{FBF23423-9828-4373-A520-C47082D7FAFB}.Release|x64.ActiveCfg = Release|Any CPU
		{FBF23423-9828-4373-A520-C47082D7FAFB}.Release|x64.Build.0 = Release|Any CPU
		{FBF23423-9828-4373-A520-C47082D7FAFB}.Release|x86.ActiveCfg = Release|Any CPU
		{FBF23423-9828-4373-A520-C47082D7FAFB}.Release|x86.Build.0 = Release|Any CPU
		{C95D7F35-A154-44E2-8594-1C97FB44A990}.Debug|Any CPU.ActiveCfg = Debug|Any CPU
		{C95D7F35-A154-44E2-8594-1C97FB44A990}.Debug|Any CPU.Build.0 = Debug|Any CPU
		{C95D7F35-A154-44E2-8594-1C97FB44A990}.Debug|x64.ActiveCfg = Debug|Any CPU
		{C95D7F35-A154-44E2-8594-1C97FB44A990}.Debug|x64.Build.0 = Debug|Any CPU
		{C95D7F35-A154-44E2-8594-1C97FB44A990}.Debug|x86.ActiveCfg = Debug|Any CPU
		{C95D7F35-A154-44E2-8594-1C97FB44A990}.Debug|x86.Build.0 = Debug|Any CPU
		{C95D7F35-A154-44E2-8594-1C97FB44A990}.Release|Any CPU.ActiveCfg = Release|Any CPU
		{C95D7F35-A154-44E2-8594-1C97FB44A990}.Release|Any CPU.Build.0 = Release|Any CPU
		{C95D7F35-A154-44E2-8594-1C97FB44A990}.Release|x64.ActiveCfg = Release|Any CPU
		{C95D7F35-A154-44E2-8594-1C97FB44A990}.Release|x64.Build.0 = Release|Any CPU
		{C95D7F35-A154-44E2-8594-1C97FB44A990}.Release|x86.ActiveCfg = Release|Any CPU
		{C95D7F35-A154-44E2-8594-1C97FB44A990}.Release|x86.Build.0 = Release|Any CPU
		{99CFBE0A-7FF2-4793-94F8-739FABBDF7EB}.Debug|Any CPU.ActiveCfg = Debug|Any CPU
		{99CFBE0A-7FF2-4793-94F8-739FABBDF7EB}.Debug|Any CPU.Build.0 = Debug|Any CPU
		{99CFBE0A-7FF2-4793-94F8-739FABBDF7EB}.Debug|x64.ActiveCfg = Debug|Any CPU
		{99CFBE0A-7FF2-4793-94F8-739FABBDF7EB}.Debug|x64.Build.0 = Debug|Any CPU
		{99CFBE0A-7FF2-4793-94F8-739FABBDF7EB}.Debug|x86.ActiveCfg = Debug|Any CPU
		{99CFBE0A-7FF2-4793-94F8-739FABBDF7EB}.Debug|x86.Build.0 = Debug|Any CPU
		{99CFBE0A-7FF2-4793-94F8-739FABBDF7EB}.Release|Any CPU.ActiveCfg = Release|Any CPU
		{99CFBE0A-7FF2-4793-94F8-739FABBDF7EB}.Release|Any CPU.Build.0 = Release|Any CPU
		{99CFBE0A-7FF2-4793-94F8-739FABBDF7EB}.Release|x64.ActiveCfg = Release|Any CPU
		{99CFBE0A-7FF2-4793-94F8-739FABBDF7EB}.Release|x64.Build.0 = Release|Any CPU
		{99CFBE0A-7FF2-4793-94F8-739FABBDF7EB}.Release|x86.ActiveCfg = Release|Any CPU
		{99CFBE0A-7FF2-4793-94F8-739FABBDF7EB}.Release|x86.Build.0 = Release|Any CPU
		{8B025E20-D0B8-44DB-A999-0A2ECDDBE3F7}.Debug|Any CPU.ActiveCfg = Debug|Any CPU
		{8B025E20-D0B8-44DB-A999-0A2ECDDBE3F7}.Debug|Any CPU.Build.0 = Debug|Any CPU
		{8B025E20-D0B8-44DB-A999-0A2ECDDBE3F7}.Debug|x64.ActiveCfg = Debug|Any CPU
		{8B025E20-D0B8-44DB-A999-0A2ECDDBE3F7}.Debug|x64.Build.0 = Debug|Any CPU
		{8B025E20-D0B8-44DB-A999-0A2ECDDBE3F7}.Debug|x86.ActiveCfg = Debug|Any CPU
		{8B025E20-D0B8-44DB-A999-0A2ECDDBE3F7}.Debug|x86.Build.0 = Debug|Any CPU
		{8B025E20-D0B8-44DB-A999-0A2ECDDBE3F7}.Release|Any CPU.ActiveCfg = Release|Any CPU
		{8B025E20-D0B8-44DB-A999-0A2ECDDBE3F7}.Release|Any CPU.Build.0 = Release|Any CPU
		{8B025E20-D0B8-44DB-A999-0A2ECDDBE3F7}.Release|x64.ActiveCfg = Release|Any CPU
		{8B025E20-D0B8-44DB-A999-0A2ECDDBE3F7}.Release|x64.Build.0 = Release|Any CPU
		{8B025E20-D0B8-44DB-A999-0A2ECDDBE3F7}.Release|x86.ActiveCfg = Release|Any CPU
		{8B025E20-D0B8-44DB-A999-0A2ECDDBE3F7}.Release|x86.Build.0 = Release|Any CPU
		{796A1A60-2BC9-454D-9442-55B45B9BD187}.Debug|Any CPU.ActiveCfg = Debug|Any CPU
		{796A1A60-2BC9-454D-9442-55B45B9BD187}.Debug|Any CPU.Build.0 = Debug|Any CPU
		{796A1A60-2BC9-454D-9442-55B45B9BD187}.Debug|x64.ActiveCfg = Debug|Any CPU
		{796A1A60-2BC9-454D-9442-55B45B9BD187}.Debug|x64.Build.0 = Debug|Any CPU
		{796A1A60-2BC9-454D-9442-55B45B9BD187}.Debug|x86.ActiveCfg = Debug|Any CPU
		{796A1A60-2BC9-454D-9442-55B45B9BD187}.Debug|x86.Build.0 = Debug|Any CPU
		{796A1A60-2BC9-454D-9442-55B45B9BD187}.Release|Any CPU.ActiveCfg = Release|Any CPU
		{796A1A60-2BC9-454D-9442-55B45B9BD187}.Release|Any CPU.Build.0 = Release|Any CPU
		{796A1A60-2BC9-454D-9442-55B45B9BD187}.Release|x64.ActiveCfg = Release|Any CPU
		{796A1A60-2BC9-454D-9442-55B45B9BD187}.Release|x64.Build.0 = Release|Any CPU
		{796A1A60-2BC9-454D-9442-55B45B9BD187}.Release|x86.ActiveCfg = Release|Any CPU
		{796A1A60-2BC9-454D-9442-55B45B9BD187}.Release|x86.Build.0 = Release|Any CPU
		{76523251-604A-4E10-89C9-4550AB8D7FFF}.Debug|Any CPU.ActiveCfg = Debug|Any CPU
		{76523251-604A-4E10-89C9-4550AB8D7FFF}.Debug|Any CPU.Build.0 = Debug|Any CPU
		{76523251-604A-4E10-89C9-4550AB8D7FFF}.Debug|x64.ActiveCfg = Debug|Any CPU
		{76523251-604A-4E10-89C9-4550AB8D7FFF}.Debug|x64.Build.0 = Debug|Any CPU
		{76523251-604A-4E10-89C9-4550AB8D7FFF}.Debug|x86.ActiveCfg = Debug|Any CPU
		{76523251-604A-4E10-89C9-4550AB8D7FFF}.Debug|x86.Build.0 = Debug|Any CPU
		{76523251-604A-4E10-89C9-4550AB8D7FFF}.Release|Any CPU.ActiveCfg = Release|Any CPU
		{76523251-604A-4E10-89C9-4550AB8D7FFF}.Release|Any CPU.Build.0 = Release|Any CPU
		{76523251-604A-4E10-89C9-4550AB8D7FFF}.Release|x64.ActiveCfg = Release|Any CPU
		{76523251-604A-4E10-89C9-4550AB8D7FFF}.Release|x64.Build.0 = Release|Any CPU
		{76523251-604A-4E10-89C9-4550AB8D7FFF}.Release|x86.ActiveCfg = Release|Any CPU
		{76523251-604A-4E10-89C9-4550AB8D7FFF}.Release|x86.Build.0 = Release|Any CPU
		{89F55B5F-61D1-44EF-BE48-9F97F177508E}.Debug|Any CPU.ActiveCfg = Debug|Any CPU
		{89F55B5F-61D1-44EF-BE48-9F97F177508E}.Debug|Any CPU.Build.0 = Debug|Any CPU
		{89F55B5F-61D1-44EF-BE48-9F97F177508E}.Debug|x64.ActiveCfg = Debug|Any CPU
		{89F55B5F-61D1-44EF-BE48-9F97F177508E}.Debug|x64.Build.0 = Debug|Any CPU
		{89F55B5F-61D1-44EF-BE48-9F97F177508E}.Debug|x86.ActiveCfg = Debug|Any CPU
		{89F55B5F-61D1-44EF-BE48-9F97F177508E}.Debug|x86.Build.0 = Debug|Any CPU
		{89F55B5F-61D1-44EF-BE48-9F97F177508E}.Release|Any CPU.ActiveCfg = Release|Any CPU
		{89F55B5F-61D1-44EF-BE48-9F97F177508E}.Release|Any CPU.Build.0 = Release|Any CPU
		{89F55B5F-61D1-44EF-BE48-9F97F177508E}.Release|x64.ActiveCfg = Release|Any CPU
		{89F55B5F-61D1-44EF-BE48-9F97F177508E}.Release|x64.Build.0 = Release|Any CPU
		{89F55B5F-61D1-44EF-BE48-9F97F177508E}.Release|x86.ActiveCfg = Release|Any CPU
		{89F55B5F-61D1-44EF-BE48-9F97F177508E}.Release|x86.Build.0 = Release|Any CPU
		{55FB8265-0817-48DA-A5AD-F3817B2CBCDC}.Debug|Any CPU.ActiveCfg = Debug|Any CPU
		{55FB8265-0817-48DA-A5AD-F3817B2CBCDC}.Debug|Any CPU.Build.0 = Debug|Any CPU
		{55FB8265-0817-48DA-A5AD-F3817B2CBCDC}.Debug|x64.ActiveCfg = Debug|Any CPU
		{55FB8265-0817-48DA-A5AD-F3817B2CBCDC}.Debug|x64.Build.0 = Debug|Any CPU
		{55FB8265-0817-48DA-A5AD-F3817B2CBCDC}.Debug|x86.ActiveCfg = Debug|Any CPU
		{55FB8265-0817-48DA-A5AD-F3817B2CBCDC}.Debug|x86.Build.0 = Debug|Any CPU
		{55FB8265-0817-48DA-A5AD-F3817B2CBCDC}.Release|Any CPU.ActiveCfg = Release|Any CPU
		{55FB8265-0817-48DA-A5AD-F3817B2CBCDC}.Release|Any CPU.Build.0 = Release|Any CPU
		{55FB8265-0817-48DA-A5AD-F3817B2CBCDC}.Release|x64.ActiveCfg = Release|Any CPU
		{55FB8265-0817-48DA-A5AD-F3817B2CBCDC}.Release|x64.Build.0 = Release|Any CPU
		{55FB8265-0817-48DA-A5AD-F3817B2CBCDC}.Release|x86.ActiveCfg = Release|Any CPU
		{55FB8265-0817-48DA-A5AD-F3817B2CBCDC}.Release|x86.Build.0 = Release|Any CPU
		{AD9B4DF2-3B1B-4D61-B249-CA0EFF75D1E5}.Debug|Any CPU.ActiveCfg = Debug|Any CPU
		{AD9B4DF2-3B1B-4D61-B249-CA0EFF75D1E5}.Debug|Any CPU.Build.0 = Debug|Any CPU
		{AD9B4DF2-3B1B-4D61-B249-CA0EFF75D1E5}.Debug|x64.ActiveCfg = Debug|Any CPU
		{AD9B4DF2-3B1B-4D61-B249-CA0EFF75D1E5}.Debug|x64.Build.0 = Debug|Any CPU
		{AD9B4DF2-3B1B-4D61-B249-CA0EFF75D1E5}.Debug|x86.ActiveCfg = Debug|Any CPU
		{AD9B4DF2-3B1B-4D61-B249-CA0EFF75D1E5}.Debug|x86.Build.0 = Debug|Any CPU
		{AD9B4DF2-3B1B-4D61-B249-CA0EFF75D1E5}.Release|Any CPU.ActiveCfg = Release|Any CPU
		{AD9B4DF2-3B1B-4D61-B249-CA0EFF75D1E5}.Release|Any CPU.Build.0 = Release|Any CPU
		{AD9B4DF2-3B1B-4D61-B249-CA0EFF75D1E5}.Release|x64.ActiveCfg = Release|Any CPU
		{AD9B4DF2-3B1B-4D61-B249-CA0EFF75D1E5}.Release|x64.Build.0 = Release|Any CPU
		{AD9B4DF2-3B1B-4D61-B249-CA0EFF75D1E5}.Release|x86.ActiveCfg = Release|Any CPU
		{AD9B4DF2-3B1B-4D61-B249-CA0EFF75D1E5}.Release|x86.Build.0 = Release|Any CPU
		{7CF0DFDF-0FEB-4F95-8700-EB163FFCE4B3}.Debug|Any CPU.ActiveCfg = Debug|Any CPU
		{7CF0DFDF-0FEB-4F95-8700-EB163FFCE4B3}.Debug|Any CPU.Build.0 = Debug|Any CPU
		{7CF0DFDF-0FEB-4F95-8700-EB163FFCE4B3}.Debug|x64.ActiveCfg = Debug|Any CPU
		{7CF0DFDF-0FEB-4F95-8700-EB163FFCE4B3}.Debug|x64.Build.0 = Debug|Any CPU
		{7CF0DFDF-0FEB-4F95-8700-EB163FFCE4B3}.Debug|x86.ActiveCfg = Debug|Any CPU
		{7CF0DFDF-0FEB-4F95-8700-EB163FFCE4B3}.Debug|x86.Build.0 = Debug|Any CPU
		{7CF0DFDF-0FEB-4F95-8700-EB163FFCE4B3}.Release|Any CPU.ActiveCfg = Release|Any CPU
		{7CF0DFDF-0FEB-4F95-8700-EB163FFCE4B3}.Release|Any CPU.Build.0 = Release|Any CPU
		{7CF0DFDF-0FEB-4F95-8700-EB163FFCE4B3}.Release|x64.ActiveCfg = Release|Any CPU
		{7CF0DFDF-0FEB-4F95-8700-EB163FFCE4B3}.Release|x64.Build.0 = Release|Any CPU
		{7CF0DFDF-0FEB-4F95-8700-EB163FFCE4B3}.Release|x86.ActiveCfg = Release|Any CPU
		{7CF0DFDF-0FEB-4F95-8700-EB163FFCE4B3}.Release|x86.Build.0 = Release|Any CPU
		{14D38175-D805-4243-8392-E5941FF8644D}.Debug|Any CPU.ActiveCfg = Debug|Any CPU
		{14D38175-D805-4243-8392-E5941FF8644D}.Debug|Any CPU.Build.0 = Debug|Any CPU
		{14D38175-D805-4243-8392-E5941FF8644D}.Debug|x64.ActiveCfg = Debug|Any CPU
		{14D38175-D805-4243-8392-E5941FF8644D}.Debug|x64.Build.0 = Debug|Any CPU
		{14D38175-D805-4243-8392-E5941FF8644D}.Debug|x86.ActiveCfg = Debug|Any CPU
		{14D38175-D805-4243-8392-E5941FF8644D}.Debug|x86.Build.0 = Debug|Any CPU
		{14D38175-D805-4243-8392-E5941FF8644D}.Release|Any CPU.ActiveCfg = Release|Any CPU
		{14D38175-D805-4243-8392-E5941FF8644D}.Release|Any CPU.Build.0 = Release|Any CPU
		{14D38175-D805-4243-8392-E5941FF8644D}.Release|x64.ActiveCfg = Release|Any CPU
		{14D38175-D805-4243-8392-E5941FF8644D}.Release|x64.Build.0 = Release|Any CPU
		{14D38175-D805-4243-8392-E5941FF8644D}.Release|x86.ActiveCfg = Release|Any CPU
		{14D38175-D805-4243-8392-E5941FF8644D}.Release|x86.Build.0 = Release|Any CPU
		{3745A820-A023-4AD4-9015-3D78DBCF39ED}.Debug|Any CPU.ActiveCfg = Debug|Any CPU
		{3745A820-A023-4AD4-9015-3D78DBCF39ED}.Debug|Any CPU.Build.0 = Debug|Any CPU
		{3745A820-A023-4AD4-9015-3D78DBCF39ED}.Debug|x64.ActiveCfg = Debug|Any CPU
		{3745A820-A023-4AD4-9015-3D78DBCF39ED}.Debug|x64.Build.0 = Debug|Any CPU
		{3745A820-A023-4AD4-9015-3D78DBCF39ED}.Debug|x86.ActiveCfg = Debug|Any CPU
		{3745A820-A023-4AD4-9015-3D78DBCF39ED}.Debug|x86.Build.0 = Debug|Any CPU
		{3745A820-A023-4AD4-9015-3D78DBCF39ED}.Release|Any CPU.ActiveCfg = Release|Any CPU
		{3745A820-A023-4AD4-9015-3D78DBCF39ED}.Release|Any CPU.Build.0 = Release|Any CPU
		{3745A820-A023-4AD4-9015-3D78DBCF39ED}.Release|x64.ActiveCfg = Release|Any CPU
		{3745A820-A023-4AD4-9015-3D78DBCF39ED}.Release|x64.Build.0 = Release|Any CPU
		{3745A820-A023-4AD4-9015-3D78DBCF39ED}.Release|x86.ActiveCfg = Release|Any CPU
		{3745A820-A023-4AD4-9015-3D78DBCF39ED}.Release|x86.Build.0 = Release|Any CPU
		{8E26066F-B069-4A71-8A8A-730BB6A7D46D}.Debug|Any CPU.ActiveCfg = Debug|Any CPU
		{8E26066F-B069-4A71-8A8A-730BB6A7D46D}.Debug|Any CPU.Build.0 = Debug|Any CPU
		{8E26066F-B069-4A71-8A8A-730BB6A7D46D}.Debug|x64.ActiveCfg = Debug|Any CPU
		{8E26066F-B069-4A71-8A8A-730BB6A7D46D}.Debug|x64.Build.0 = Debug|Any CPU
		{8E26066F-B069-4A71-8A8A-730BB6A7D46D}.Debug|x86.ActiveCfg = Debug|Any CPU
		{8E26066F-B069-4A71-8A8A-730BB6A7D46D}.Debug|x86.Build.0 = Debug|Any CPU
		{8E26066F-B069-4A71-8A8A-730BB6A7D46D}.Release|Any CPU.ActiveCfg = Release|Any CPU
		{8E26066F-B069-4A71-8A8A-730BB6A7D46D}.Release|Any CPU.Build.0 = Release|Any CPU
		{8E26066F-B069-4A71-8A8A-730BB6A7D46D}.Release|x64.ActiveCfg = Release|Any CPU
		{8E26066F-B069-4A71-8A8A-730BB6A7D46D}.Release|x64.Build.0 = Release|Any CPU
		{8E26066F-B069-4A71-8A8A-730BB6A7D46D}.Release|x86.ActiveCfg = Release|Any CPU
		{8E26066F-B069-4A71-8A8A-730BB6A7D46D}.Release|x86.Build.0 = Release|Any CPU
		{723C1F27-F416-4DBE-A149-002D80107FA7}.Debug|Any CPU.ActiveCfg = Debug|Any CPU
		{723C1F27-F416-4DBE-A149-002D80107FA7}.Debug|Any CPU.Build.0 = Debug|Any CPU
		{723C1F27-F416-4DBE-A149-002D80107FA7}.Debug|x64.ActiveCfg = Debug|Any CPU
		{723C1F27-F416-4DBE-A149-002D80107FA7}.Debug|x64.Build.0 = Debug|Any CPU
		{723C1F27-F416-4DBE-A149-002D80107FA7}.Debug|x86.ActiveCfg = Debug|Any CPU
		{723C1F27-F416-4DBE-A149-002D80107FA7}.Debug|x86.Build.0 = Debug|Any CPU
		{723C1F27-F416-4DBE-A149-002D80107FA7}.Release|Any CPU.ActiveCfg = Release|Any CPU
		{723C1F27-F416-4DBE-A149-002D80107FA7}.Release|Any CPU.Build.0 = Release|Any CPU
		{723C1F27-F416-4DBE-A149-002D80107FA7}.Release|x64.ActiveCfg = Release|Any CPU
		{723C1F27-F416-4DBE-A149-002D80107FA7}.Release|x64.Build.0 = Release|Any CPU
		{723C1F27-F416-4DBE-A149-002D80107FA7}.Release|x86.ActiveCfg = Release|Any CPU
		{723C1F27-F416-4DBE-A149-002D80107FA7}.Release|x86.Build.0 = Release|Any CPU
		{DA86F0D1-8764-405F-9CB3-DF74231C891A}.Debug|Any CPU.ActiveCfg = Debug|Any CPU
		{DA86F0D1-8764-405F-9CB3-DF74231C891A}.Debug|Any CPU.Build.0 = Debug|Any CPU
		{DA86F0D1-8764-405F-9CB3-DF74231C891A}.Debug|x64.ActiveCfg = Debug|Any CPU
		{DA86F0D1-8764-405F-9CB3-DF74231C891A}.Debug|x64.Build.0 = Debug|Any CPU
		{DA86F0D1-8764-405F-9CB3-DF74231C891A}.Debug|x86.ActiveCfg = Debug|Any CPU
		{DA86F0D1-8764-405F-9CB3-DF74231C891A}.Debug|x86.Build.0 = Debug|Any CPU
		{DA86F0D1-8764-405F-9CB3-DF74231C891A}.Release|Any CPU.ActiveCfg = Release|Any CPU
		{DA86F0D1-8764-405F-9CB3-DF74231C891A}.Release|Any CPU.Build.0 = Release|Any CPU
		{DA86F0D1-8764-405F-9CB3-DF74231C891A}.Release|x64.ActiveCfg = Release|Any CPU
		{DA86F0D1-8764-405F-9CB3-DF74231C891A}.Release|x64.Build.0 = Release|Any CPU
		{DA86F0D1-8764-405F-9CB3-DF74231C891A}.Release|x86.ActiveCfg = Release|Any CPU
		{DA86F0D1-8764-405F-9CB3-DF74231C891A}.Release|x86.Build.0 = Release|Any CPU
	EndGlobalSection
	GlobalSection(SolutionProperties) = preSolution
		HideSolutionNode = FALSE
	EndGlobalSection
	GlobalSection(NestedProjects) = preSolution
		{DC19A10B-31F4-4442-95A7-910C27820320} = {02EA681E-C7D8-13C7-8484-4AC65E1B71E8}
		{5580ED7F-F83F-4BCA-A006-D8051E39A05A} = {02EA681E-C7D8-13C7-8484-4AC65E1B71E8}
		{7E0AFB4B-8C21-4CD6-916B-18D46A7A8D40} = {02EA681E-C7D8-13C7-8484-4AC65E1B71E8}
		{D939767C-859E-48B9-AF0E-57BA24C51C71} = {02EA681E-C7D8-13C7-8484-4AC65E1B71E8}
		{E8BDD1D6-F552-4B67-98E3-A33AF6F91194} = {FB747651-FD7A-46A1-A38E-DDB549D45DFC}
		{172E8C73-BAA3-46EA-B6B7-8971CFCFC5C5} = {FB747651-FD7A-46A1-A38E-DDB549D45DFC}
		{C2462E38-2F4F-43CC-906E-3C519170BB07} = {FB747651-FD7A-46A1-A38E-DDB549D45DFC}
		{FBF23423-9828-4373-A520-C47082D7FAFB} = {FB747651-FD7A-46A1-A38E-DDB549D45DFC}
		{C95D7F35-A154-44E2-8594-1C97FB44A990} = {FB747651-FD7A-46A1-A38E-DDB549D45DFC}
		{99CFBE0A-7FF2-4793-94F8-739FABBDF7EB} = {FB747651-FD7A-46A1-A38E-DDB549D45DFC}
		{8B025E20-D0B8-44DB-A999-0A2ECDDBE3F7} = {FB747651-FD7A-46A1-A38E-DDB549D45DFC}
		{796A1A60-2BC9-454D-9442-55B45B9BD187} = {FB747651-FD7A-46A1-A38E-DDB549D45DFC}
		{76523251-604A-4E10-89C9-4550AB8D7FFF} = {5BC1F144-A5F0-4D1A-B980-B27334AB002F}
		{89F55B5F-61D1-44EF-BE48-9F97F177508E} = {5BC1F144-A5F0-4D1A-B980-B27334AB002F}
		{55FB8265-0817-48DA-A5AD-F3817B2CBCDC} = {D0D1D0F0-5170-4483-816E-C8D8E1F840B2}
		{AD9B4DF2-3B1B-4D61-B249-CA0EFF75D1E5} = {D0D1D0F0-5170-4483-816E-C8D8E1F840B2}
		{7CF0DFDF-0FEB-4F95-8700-EB163FFCE4B3} = {D0D1D0F0-5170-4483-816E-C8D8E1F840B2}
		{14D38175-D805-4243-8392-E5941FF8644D} = {D0D1D0F0-5170-4483-816E-C8D8E1F840B2}
		{3745A820-A023-4AD4-9015-3D78DBCF39ED} = {D0D1D0F0-5170-4483-816E-C8D8E1F840B2}
		{8E26066F-B069-4A71-8A8A-730BB6A7D46D} = {D0D1D0F0-5170-4483-816E-C8D8E1F840B2}
		{723C1F27-F416-4DBE-A149-002D80107FA7} = {91E6B64A-2D9B-4BB8-B1BA-B6B895023916}
		{DA86F0D1-8764-405F-9CB3-DF74231C891A} = {91E6B64A-2D9B-4BB8-B1BA-B6B895023916}
	EndGlobalSection
	GlobalSection(ExtensibilityGlobals) = postSolution
		SolutionGuid = {6346A331-301D-4BA2-BFC5-5EB15C625315}
	EndGlobalSection
EndGlobal
