
Microsoft Visual Studio Solution File, Format Version 12.00
# Visual Studio Version 17
VisualStudioVersion = 17.13.35825.156
MinimumVisualStudioVersion = 10.0.40219.1
Project("{FAE04EC0-301F-11D3-BF4B-00C04F79EFBC}") = "NP 01. TCP Socket Listener", "NP 01. TCP Socket Listener\NP 01. TCP Socket Listener.csproj", "{DC19A10B-31F4-4442-95A7-910C27820320}"
EndProject
Project("{FAE04EC0-301F-11D3-BF4B-00C04F79EFBC}") = "NP 01. TCP Socket Client", "NP 01. TCP Socket Client\NP 01. TCP Socket Client.csproj", "{5580ED7F-F83F-4BCA-A006-D8051E39A05A}"
EndProject
Project("{2150E333-8FDC-42A3-9474-1A3956D46DE8}") = "NP 02", "NP 02", "{02EA681E-C7D8-13C7-8484-4AC65E1B71E8}"
EndProject
Project("{FAE04EC0-301F-11D3-BF4B-00C04F79EFBC}") = "NP 02. UDP Socket Listener", "NP 02. UDP Socket Listener\NP 02. UDP Socket Listener.csproj", "{7E0AFB4B-8C21-4CD6-916B-18D46A7A8D40}"
EndProject
Project("{FAE04EC0-301F-11D3-BF4B-00C04F79EFBC}") = "NP 02. UDP Socket Client", "NP 02. UDP Socket Client\NP 02. UDP Socket Client.csproj", "{D939767C-859E-48B9-AF0E-57BA24C51C71}"
EndProject
Project("{2150E333-8FDC-42A3-9474-1A3956D46DE8}") = "NP 03", "NP 03", "{FB747651-FD7A-46A1-A38E-DDB549D45DFC}"
EndProject
Project("{8BC9CEB8-8B4A-11D0-8D11-00A0C91BC942}") = "NP 03. UDP Socket Listener C", "NP 03. UDP Socket Listener C\NP 03. UDP Socket Listener C.vcxproj", "{E8BDD1D6-F552-4B67-98E3-A33AF6F91194}"
EndProject
Project("{888888A0-9F3D-457C-B088-3A5042F75D52}") = "NP 03. UDP Socket Listener Python", "NP 03. UDP Socket Listener Python\NP 03. UDP Socket Listener Python.pyproj", "{172E8C73-BAA3-46EA-B6B7-8971CFCFC5C5}"
EndProject
Project("{FAE04EC0-301F-11D3-BF4B-00C04F79EFBC}") = "NP 03. TcpListener", "NP 03. TcpListener\NP 03. TcpListener.csproj", "{C2462E38-2F4F-43CC-906E-3C519170BB07}"
EndProject
Project("{FAE04EC0-301F-11D3-BF4B-00C04F79EFBC}") = "NP 03. TcpClient", "NP 03. TcpClient\NP 03. TcpClient.csproj", "{FBF23423-9828-4373-A520-C47082D7FAFB}"
EndProject
Global
	GlobalSection(SolutionConfigurationPlatforms) = preSolution
		Debug|Any CPU = Debug|Any CPU
		Debug|x64 = Debug|x64
		Debug|x86 = Debug|x86
		Release|Any CPU = Release|Any CPU
		Release|x64 = Release|x64
		Release|x86 = Release|x86
	EndGlobalSection
	GlobalSection(ProjectConfigurationPlatforms) = postSolution
		{DC19A10B-31F4-4442-95A7-910C27820320}.Debug|Any CPU.ActiveCfg = Debug|Any CPU
		{DC19A10B-31F4-4442-95A7-910C27820320}.Debug|Any CPU.Build.0 = Debug|Any CPU
		{DC19A10B-31F4-4442-95A7-910C27820320}.Debug|x64.ActiveCfg = Debug|Any CPU
		{DC19A10B-31F4-4442-95A7-910C27820320}.Debug|x64.Build.0 = Debug|Any CPU
		{DC19A10B-31F4-4442-95A7-910C27820320}.Debug|x86.ActiveCfg = Debug|Any CPU
		{DC19A10B-31F4-4442-95A7-910C27820320}.Debug|x86.Build.0 = Debug|Any CPU
		{DC19A10B-31F4-4442-95A7-910C27820320}.Release|Any CPU.ActiveCfg = Release|Any CPU
		{DC19A10B-31F4-4442-95A7-910C27820320}.Release|Any CPU.Build.0 = Release|Any CPU
		{DC19A10B-31F4-4442-95A7-910C27820320}.Release|x64.ActiveCfg = Release|Any CPU
		{DC19A10B-31F4-4442-95A7-910C27820320}.Release|x64.Build.0 = Release|Any CPU
		{DC19A10B-31F4-4442-95A7-910C27820320}.Release|x86.ActiveCfg = Release|Any CPU
		{DC19A10B-31F4-4442-95A7-910C27820320}.Release|x86.Build.0 = Release|Any CPU
		{5580ED7F-F83F-4BCA-A006-D8051E39A05A}.Debug|Any CPU.ActiveCfg = Debug|Any CPU
		{5580ED7F-F83F-4BCA-A006-D8051E39A05A}.Debug|Any CPU.Build.0 = Debug|Any CPU
		{5580ED7F-F83F-4BCA-A006-D8051E39A05A}.Debug|x64.ActiveCfg = Debug|Any CPU
		{5580ED7F-F83F-4BCA-A006-D8051E39A05A}.Debug|x64.Build.0 = Debug|Any CPU
		{5580ED7F-F83F-4BCA-A006-D8051E39A05A}.Debug|x86.ActiveCfg = Debug|Any CPU
		{5580ED7F-F83F-4BCA-A006-D8051E39A05A}.Debug|x86.Build.0 = Debug|Any CPU
		{5580ED7F-F83F-4BCA-A006-D8051E39A05A}.Release|Any CPU.ActiveCfg = Release|Any CPU
		{5580ED7F-F83F-4BCA-A006-D8051E39A05A}.Release|Any CPU.Build.0 = Release|Any CPU
		{5580ED7F-F83F-4BCA-A006-D8051E39A05A}.Release|x64.ActiveCfg = Release|Any CPU
		{5580ED7F-F83F-4BCA-A006-D8051E39A05A}.Release|x64.Build.0 = Release|Any CPU
		{5580ED7F-F83F-4BCA-A006-D8051E39A05A}.Release|x86.ActiveCfg = Release|Any CPU
		{5580ED7F-F83F-4BCA-A006-D8051E39A05A}.Release|x86.Build.0 = Release|Any CPU
		{7E0AFB4B-8C21-4CD6-916B-18D46A7A8D40}.Debug|Any CPU.ActiveCfg = Debug|Any CPU
		{7E0AFB4B-8C21-4CD6-916B-18D46A7A8D40}.Debug|Any CPU.Build.0 = Debug|Any CPU
		{7E0AFB4B-8C21-4CD6-916B-18D46A7A8D40}.Debug|x64.ActiveCfg = Debug|Any CPU
		{7E0AFB4B-8C21-4CD6-916B-18D46A7A8D40}.Debug|x64.Build.0 = Debug|Any CPU
		{7E0AFB4B-8C21-4CD6-916B-18D46A7A8D40}.Debug|x86.ActiveCfg = Debug|Any CPU
		{7E0AFB4B-8C21-4CD6-916B-18D46A7A8D40}.Debug|x86.Build.0 = Debug|Any CPU
		{7E0AFB4B-8C21-4CD6-916B-18D46A7A8D40}.Release|Any CPU.ActiveCfg = Release|Any CPU
		{7E0AFB4B-8C21-4CD6-916B-18D46A7A8D40}.Release|Any CPU.Build.0 = Release|Any CPU
		{7E0AFB4B-8C21-4CD6-916B-18D46A7A8D40}.Release|x64.ActiveCfg = Release|Any CPU
		{7E0AFB4B-8C21-4CD6-916B-18D46A7A8D40}.Release|x64.Build.0 = Release|Any CPU
		{7E0AFB4B-8C21-4CD6-916B-18D46A7A8D40}.Release|x86.ActiveCfg = Release|Any CPU
		{7E0AFB4B-8C21-4CD6-916B-18D46A7A8D40}.Release|x86.Build.0 = Release|Any CPU
		{D939767C-859E-48B9-AF0E-57BA24C51C71}.Debug|Any CPU.ActiveCfg = Debug|Any CPU
		{D939767C-859E-48B9-AF0E-57BA24C51C71}.Debug|Any CPU.Build.0 = Debug|Any CPU
		{D939767C-859E-48B9-AF0E-57BA24C51C71}.Debug|x64.ActiveCfg = Debug|Any CPU
		{D939767C-859E-48B9-AF0E-57BA24C51C71}.Debug|x64.Build.0 = Debug|Any CPU
		{D939767C-859E-48B9-AF0E-57BA24C51C71}.Debug|x86.ActiveCfg = Debug|Any CPU
		{D939767C-859E-48B9-AF0E-57BA24C51C71}.Debug|x86.Build.0 = Debug|Any CPU
		{D939767C-859E-48B9-AF0E-57BA24C51C71}.Release|Any CPU.ActiveCfg = Release|Any CPU
		{D939767C-859E-48B9-AF0E-57BA24C51C71}.Release|Any CPU.Build.0 = Release|Any CPU
		{D939767C-859E-48B9-AF0E-57BA24C51C71}.Release|x64.ActiveCfg = Release|Any CPU
		{D939767C-859E-48B9-AF0E-57BA24C51C71}.Release|x64.Build.0 = Release|Any CPU
		{D939767C-859E-48B9-AF0E-57BA24C51C71}.Release|x86.ActiveCfg = Release|Any CPU
		{D939767C-859E-48B9-AF0E-57BA24C51C71}.Release|x86.Build.0 = Release|Any CPU
		{E8BDD1D6-F552-4B67-98E3-A33AF6F91194}.Debug|Any CPU.ActiveCfg = Debug|x64
		{E8BDD1D6-F552-4B67-98E3-A33AF6F91194}.Debug|Any CPU.Build.0 = Debug|x64
		{E8BDD1D6-F552-4B67-98E3-A33AF6F91194}.Debug|x64.ActiveCfg = Debug|x64
		{E8BDD1D6-F552-4B67-98E3-A33AF6F91194}.Debug|x64.Build.0 = Debug|x64
		{E8BDD1D6-F552-4B67-98E3-A33AF6F91194}.Debug|x86.ActiveCfg = Debug|Win32
		{E8BDD1D6-F552-4B67-98E3-A33AF6F91194}.Debug|x86.Build.0 = Debug|Win32
		{E8BDD1D6-F552-4B67-98E3-A33AF6F91194}.Release|Any CPU.ActiveCfg = Release|x64
		{E8BDD1D6-F552-4B67-98E3-A33AF6F91194}.Release|Any CPU.Build.0 = Release|x64
		{E8BDD1D6-F552-4B67-98E3-A33AF6F91194}.Release|x64.ActiveCfg = Release|x64
		{E8BDD1D6-F552-4B67-98E3-A33AF6F91194}.Release|x64.Build.0 = Release|x64
		{E8BDD1D6-F552-4B67-98E3-A33AF6F91194}.Release|x86.ActiveCfg = Release|Win32
		{E8BDD1D6-F552-4B67-98E3-A33AF6F91194}.Release|x86.Build.0 = Release|Win32
		{172E8C73-BAA3-46EA-B6B7-8971CFCFC5C5}.Debug|Any CPU.ActiveCfg = Debug|Any CPU
		{172E8C73-BAA3-46EA-B6B7-8971CFCFC5C5}.Debug|x64.ActiveCfg = Debug|Any CPU
		{172E8C73-BAA3-46EA-B6B7-8971CFCFC5C5}.Debug|x86.ActiveCfg = Debug|Any CPU
		{172E8C73-BAA3-46EA-B6B7-8971CFCFC5C5}.Release|Any CPU.ActiveCfg = Release|Any CPU
		{172E8C73-BAA3-46EA-B6B7-8971CFCFC5C5}.Release|x64.ActiveCfg = Release|Any CPU
		{172E8C73-BAA3-46EA-B6B7-8971CFCFC5C5}.Release|x86.ActiveCfg = Release|Any CPU
		{C2462E38-2F4F-43CC-906E-3C519170BB07}.Debug|Any CPU.ActiveCfg = Debug|Any CPU
		{C2462E38-2F4F-43CC-906E-3C519170BB07}.Debug|Any CPU.Build.0 = Debug|Any CPU
		{C2462E38-2F4F-43CC-906E-3C519170BB07}.Debug|x64.ActiveCfg = Debug|Any CPU
		{C2462E38-2F4F-43CC-906E-3C519170BB07}.Debug|x64.Build.0 = Debug|Any CPU
		{C2462E38-2F4F-43CC-906E-3C519170BB07}.Debug|x86.ActiveCfg = Debug|Any CPU
		{C2462E38-2F4F-43CC-906E-3C519170BB07}.Debug|x86.Build.0 = Debug|Any CPU
		{C2462E38-2F4F-43CC-906E-3C519170BB07}.Release|Any CPU.ActiveCfg = Release|Any CPU
		{C2462E38-2F4F-43CC-906E-3C519170BB07}.Release|Any CPU.Build.0 = Release|Any CPU
		{C2462E38-2F4F-43CC-906E-3C519170BB07}.Release|x64.ActiveCfg = Release|Any CPU
		{C2462E38-2F4F-43CC-906E-3C519170BB07}.Release|x64.Build.0 = Release|Any CPU
		{C2462E38-2F4F-43CC-906E-3C519170BB07}.Release|x86.ActiveCfg = Release|Any CPU
		{C2462E38-2F4F-43CC-906E-3C519170BB07}.Release|x86.Build.0 = Release|Any CPU
		{FBF23423-9828-4373-A520-C47082D7FAFB}.Debug|Any CPU.ActiveCfg = Debug|Any CPU
		{FBF23423-9828-4373-A520-C47082D7FAFB}.Debug|Any CPU.Build.0 = Debug|Any CPU
		{FBF23423-9828-4373-A520-C47082D7FAFB}.Debug|x64.ActiveCfg = Debug|Any CPU
		{FBF23423-9828-4373-A520-C47082D7FAFB}.Debug|x64.Build.0 = Debug|Any CPU
		{FBF23423-9828-4373-A520-C47082D7FAFB}.Debug|x86.ActiveCfg = Debug|Any CPU
		{FBF23423-9828-4373-A520-C47082D7FAFB}.Debug|x86.Build.0 = Debug|Any CPU
		{FBF23423-9828-4373-A520-C47082D7FAFB}.Release|Any CPU.ActiveCfg = Release|Any CPU
		{FBF23423-9828-4373-A520-C47082D7FAFB}.Release|Any CPU.Build.0 = Release|Any CPU
		{FBF23423-9828-4373-A520-C47082D7FAFB}.Release|x64.ActiveCfg = Release|Any CPU
		{FBF23423-9828-4373-A520-C47082D7FAFB}.Release|x64.Build.0 = Release|Any CPU
		{FBF23423-9828-4373-A520-C47082D7FAFB}.Release|x86.ActiveCfg = Release|Any CPU
		{FBF23423-9828-4373-A520-C47082D7FAFB}.Release|x86.Build.0 = Release|Any CPU
	EndGlobalSection
	GlobalSection(SolutionProperties) = preSolution
		HideSolutionNode = FALSE
	EndGlobalSection
	GlobalSection(NestedProjects) = preSolution
		{DC19A10B-31F4-4442-95A7-910C27820320} = {02EA681E-C7D8-13C7-8484-4AC65E1B71E8}
		{5580ED7F-F83F-4BCA-A006-D8051E39A05A} = {02EA681E-C7D8-13C7-8484-4AC65E1B71E8}
		{7E0AFB4B-8C21-4CD6-916B-18D46A7A8D40} = {02EA681E-C7D8-13C7-8484-4AC65E1B71E8}
		{D939767C-859E-48B9-AF0E-57BA24C51C71} = {02EA681E-C7D8-13C7-8484-4AC65E1B71E8}
		{E8BDD1D6-F552-4B67-98E3-A33AF6F91194} = {FB747651-FD7A-46A1-A38E-DDB549D45DFC}
		{172E8C73-BAA3-46EA-B6B7-8971CFCFC5C5} = {FB747651-FD7A-46A1-A38E-DDB549D45DFC}
		{C2462E38-2F4F-43CC-906E-3C519170BB07} = {FB747651-FD7A-46A1-A38E-DDB549D45DFC}
		{FBF23423-9828-4373-A520-C47082D7FAFB} = {FB747651-FD7A-46A1-A38E-DDB549D45DFC}
	EndGlobalSection
	GlobalSection(ExtensibilityGlobals) = postSolution
		SolutionGuid = {6346A331-301D-4BA2-BFC5-5EB15C625315}
	EndGlobalSection
EndGlobal
