
Microsoft Visual Studio Solution File, Format Version 12.00
# Visual Studio Version 17
VisualStudioVersion = 17.13.35825.156 d17.13
MinimumVisualStudioVersion = 10.0.40219.1
Project("{FAE04EC0-301F-11D3-BF4B-00C04F79EFBC}") = "NP 01. TCP Socket Listener", "NP 01. TCP Socket Listener\NP 01. TCP Socket Listener.csproj", "{DC19A10B-31F4-4442-95A7-910C27820320}"
EndProject
Project("{FAE04EC0-301F-11D3-BF4B-00C04F79EFBC}") = "NP 01. TCP Socket Client", "NP 01. TCP Socket Client\NP 01. TCP Socket Client.csproj", "{5580ED7F-F83F-4BCA-A006-D8051E39A05A}"
EndProject
Project("{2150E333-8FDC-42A3-9474-1A3956D46DE8}") = "NP 02", "NP 02", "{02EA681E-C7D8-13C7-8484-4AC65E1B71E8}"
EndProject
Project("{FAE04EC0-301F-11D3-BF4B-00C04F79EFBC}") = "NP 02. UDP Socket Listener", "NP 02. UDP Socket Listener\NP 02. UDP Socket Listener.csproj", "{7E0AFB4B-8C21-4CD6-916B-18D46A7A8D40}"
EndProject
Project("{FAE04EC0-301F-11D3-BF4B-00C04F79EFBC}") = "NP 02. UDP Socket Client", "NP 02. UDP Socket Client\NP 02. UDP Socket Client.csproj", "{D939767C-859E-48B9-AF0E-57BA24C51C71}"
EndProject
Global
	GlobalSection(SolutionConfigurationPlatforms) = preSolution
		Debug|Any CPU = Debug|Any CPU
		Release|Any CPU = Release|Any CPU
	EndGlobalSection
	GlobalSection(ProjectConfigurationPlatforms) = postSolution
		{DC19A10B-31F4-4442-95A7-910C27820320}.Debug|Any CPU.ActiveCfg = Debug|Any CPU
		{DC19A10B-31F4-4442-95A7-910C27820320}.Debug|Any CPU.Build.0 = Debug|Any CPU
		{DC19A10B-31F4-4442-95A7-910C27820320}.Release|Any CPU.ActiveCfg = Release|Any CPU
		{DC19A10B-31F4-4442-95A7-910C27820320}.Release|Any CPU.Build.0 = Release|Any CPU
		{5580ED7F-F83F-4BCA-A006-D8051E39A05A}.Debug|Any CPU.ActiveCfg = Debug|Any CPU
		{5580ED7F-F83F-4BCA-A006-D8051E39A05A}.Debug|Any CPU.Build.0 = Debug|Any CPU
		{5580ED7F-F83F-4BCA-A006-D8051E39A05A}.Release|Any CPU.ActiveCfg = Release|Any CPU
		{5580ED7F-F83F-4BCA-A006-D8051E39A05A}.Release|Any CPU.Build.0 = Release|Any CPU
		{7E0AFB4B-8C21-4CD6-916B-18D46A7A8D40}.Debug|Any CPU.ActiveCfg = Debug|Any CPU
		{7E0AFB4B-8C21-4CD6-916B-18D46A7A8D40}.Debug|Any CPU.Build.0 = Debug|Any CPU
		{7E0AFB4B-8C21-4CD6-916B-18D46A7A8D40}.Release|Any CPU.ActiveCfg = Release|Any CPU
		{7E0AFB4B-8C21-4CD6-916B-18D46A7A8D40}.Release|Any CPU.Build.0 = Release|Any CPU
		{D939767C-859E-48B9-AF0E-57BA24C51C71}.Debug|Any CPU.ActiveCfg = Debug|Any CPU
		{D939767C-859E-48B9-AF0E-57BA24C51C71}.Debug|Any CPU.Build.0 = Debug|Any CPU
		{D939767C-859E-48B9-AF0E-57BA24C51C71}.Release|Any CPU.ActiveCfg = Release|Any CPU
		{D939767C-859E-48B9-AF0E-57BA24C51C71}.Release|Any CPU.Build.0 = Release|Any CPU
	EndGlobalSection
	GlobalSection(SolutionProperties) = preSolution
		HideSolutionNode = FALSE
	EndGlobalSection
	GlobalSection(NestedProjects) = preSolution
		{DC19A10B-31F4-4442-95A7-910C27820320} = {02EA681E-C7D8-13C7-8484-4AC65E1B71E8}
		{5580ED7F-F83F-4BCA-A006-D8051E39A05A} = {02EA681E-C7D8-13C7-8484-4AC65E1B71E8}
	EndGlobalSection
	GlobalSection(ExtensibilityGlobals) = postSolution
		SolutionGuid = {6346A331-301D-4BA2-BFC5-5EB15C625315}
	EndGlobalSection
EndGlobal
